
Microsoft Visual Studio Solution File, Format Version 12.00
# Visual Studio Version 17
VisualStudioVersion = 17.7.34031.279
MinimumVisualStudioVersion = 10.0.40219.1
Project("{FAE04EC0-301F-11D3-BF4B-00C04F79EFBC}") = "DataView_Practices", "DataView_Practices.csproj", "{D6F1AE9E-2869-42E7-AD77-C63EA6AA7F2F}"
EndProject
Global
	GlobalSection(SolutionConfigurationPlatforms) = preSolution
		Debug|Any CPU = Debug|Any CPU
		Release|Any CPU = Release|Any CPU
	EndGlobalSection
	GlobalSection(ProjectConfigurationPlatforms) = postSolution
		{D6F1AE9E-2869-42E7-AD77-C63EA6AA7F2F}.Debug|Any CPU.ActiveCfg = Debug|Any CPU
		{D6F1AE9E-2869-42E7-AD77-C63EA6AA7F2F}.Debug|Any CPU.Build.0 = Debug|Any CPU
		{D6F1AE9E-2869-42E7-AD77-C63EA6AA7F2F}.Release|Any CPU.ActiveCfg = Release|Any CPU
		{D6F1AE9E-2869-42E7-AD77-C63EA6AA7F2F}.Release|Any CPU.Build.0 = Release|Any CPU
	EndGlobalSection
	GlobalSection(SolutionProperties) = preSolution
		HideSolutionNode = FALSE
	EndGlobalSection
	GlobalSection(ExtensibilityGlobals) = postSolution
		SolutionGuid = {C5E31221-CD17-42E3-9231-CFB45D541F64}
	EndGlobalSection
EndGlobal
